<Solution>
  <Folder Name="/playground/">
    <Project Path="playground/Chiaroscuro.Playground/Chiaroscuro.Playground.csproj" />
  </Folder>
  <Folder Name="/src/">
    <Project Path="src/Chiaroscuro.Core/Chiaroscuro.Core.csproj" />
    <Project Path="src/Chiaroscuro.UI/Chiaroscuro.UI.csproj" />
  </Folder>
  <Folder Name="/tests/">
    <Project Path="tests/Chiaroscuro.Core.Tests/Chiaroscuro.Core.Tests.csproj" />
  </Folder>
</Solution>
